
Microsoft Visual Studio Solution File, Format Version 12.00
# Visual Studio Version 17
VisualStudioVersion = 17.11.35303.130
MinimumVisualStudioVersion = 10.0.40219.1
Project("{2150E333-8FDC-42A3-9474-1A3956D46DE8}") = "Task0", "Task0", "{0167771E-97B4-4631-8698-E4465897204A}"
EndProject
Project("{9A19103F-16F7-4668-BE54-9A1E7A4F7556}") = "Tyuiu.GurzanVM.Sprint4.Task0.V15", "Tyuiu.GurzanVM.Sprint4.Task0.V15\Tyuiu.GurzanVM.Sprint4.Task0.V15.csproj", "{479393F0-BB37-4EA6-B7FE-BFCBEE6B726D}"
EndProject
Project("{9A19103F-16F7-4668-BE54-9A1E7A4F7556}") = "Tyuiu.GurzanVM.Sprint4.Task0.V15.Lib", "Tyuiu.GurzanVM.Sprint4.Task0.V15.Lib\Tyuiu.GurzanVM.Sprint4.Task0.V15.Lib.csproj", "{26F4D1AE-6B1A-4F43-A1B2-A2CF4A8536C3}"
EndProject
Project("{9A19103F-16F7-4668-BE54-9A1E7A4F7556}") = "Tyuiu.GurzanVM.Sprint4.Task0.V15.Test", "Tyuiu.GurzanVM.Sprint4.Task0.V15.Test\Tyuiu.GurzanVM.Sprint4.Task0.V15.Test.csproj", "{F6A6DC6A-F7F4-432A-80D1-D8A08024DCF2}"
EndProject
Project("{2150E333-8FDC-42A3-9474-1A3956D46DE8}") = "Task1", "Task1", "{839032FC-0BF0-477F-AFD4-82E452F0D6EC}"
EndProject
Project("{9A19103F-16F7-4668-BE54-9A1E7A4F7556}") = "Tyuiu.GurzanVM.Sprint4.Task1.V1", "Tyuiu.GurzanVM.Sprint4.Task1.V1\Tyuiu.GurzanVM.Sprint4.Task1.V1.csproj", "{911751FA-E056-4129-8DE9-5C89DA8BF3D2}"
EndProject
Project("{9A19103F-16F7-4668-BE54-9A1E7A4F7556}") = "Tyuiu.GurzanVM.Sprint4.Task1.V1.Lib", "Tyuiu.GurzanVM.Sprint4.Task1.V1.Lib\Tyuiu.GurzanVM.Sprint4.Task1.V1.Lib.csproj", "{C3DF31C6-8465-4A9F-B3EF-894B21520369}"
EndProject
Project("{9A19103F-16F7-4668-BE54-9A1E7A4F7556}") = "Tyuiu.GurzanVM.Sprint4.Task1.V1.Test", "Tyuiu.GurzanVM.Sprint4.Task1.V1.Test\Tyuiu.GurzanVM.Sprint4.Task1.V1.Test.csproj", "{DD1515B9-9B1F-4CE4-8B1D-5A1269DEFEB7}"
EndProject
Project("{2150E333-8FDC-42A3-9474-1A3956D46DE8}") = "Task2", "Task2", "{77AAAA91-C091-4511-9D1C-BD2E66BDB204}"
EndProject
Project("{9A19103F-16F7-4668-BE54-9A1E7A4F7556}") = "Tyuiu.GurzanVM.Sprint4.Task2.V6", "Tyuiu.GurzanVM.Sprint4.Task2.V6\Tyuiu.GurzanVM.Sprint4.Task2.V6.csproj", "{786963D9-DFF5-4355-AA70-795A838B7FE0}"
EndProject
Project("{9A19103F-16F7-4668-BE54-9A1E7A4F7556}") = "Tyuiu.GurzanVM.Sprint4.Task2.V6.Lib", "Tyuiu.GurzanVM.Sprint4.Task2.V6.Lib\Tyuiu.GurzanVM.Sprint4.Task2.V6.Lib.csproj", "{6D8828EA-0254-44C6-9A0E-5A00CB418949}"
EndProject
Project("{9A19103F-16F7-4668-BE54-9A1E7A4F7556}") = "Tyuiu.GurzanVM.Sprint4.Task2.V6.Test", "Tyuiu.GurzanVM.Sprint4.Task2.V6.Test\Tyuiu.GurzanVM.Sprint4.Task2.V6.Test.csproj", "{0404F77C-A26D-412B-9921-FFBC480E88EF}"
EndProject
Project("{2150E333-8FDC-42A3-9474-1A3956D46DE8}") = "Task3", "Task3", "{F3755E2A-30FB-4F4B-9B2F-322AFC3AA41F}"
EndProject
Project("{FAE04EC0-301F-11D3-BF4B-00C04F79EFBC}") = "Tyuiu.GurzanVM.Sprint4.Task3.V28", "Tyuiu.GurzanVM.Sprint4.Task3.V28\Tyuiu.GurzanVM.Sprint4.Task3.V28.csproj", "{AD921147-0901-4EE5-B19F-68A999EF59D0}"
EndProject
Project("{FAE04EC0-301F-11D3-BF4B-00C04F79EFBC}") = "Tyuiu.GurzanVM.Sprint4.Task3.V28.Lib", "Tyuiu.GurzanVM.Sprint4.Task3.V28.Lib\Tyuiu.GurzanVM.Sprint4.Task3.V28.Lib.csproj", "{30584C53-92E2-4A19-B744-E123D6CAC0F0}"
EndProject
Project("{FAE04EC0-301F-11D3-BF4B-00C04F79EFBC}") = "Tyuiu.GurzanVM.Sprint4.Task3.V28.Test", "Tyuiu.GurzanVM.Sprint4.Task3.V28.Test\Tyuiu.GurzanVM.Sprint4.Task3.V28.Test.csproj", "{3C1BE8B3-E7A2-4FC0-8CB0-02FD8D369DC1}"
EndProject
Global
	GlobalSection(SolutionConfigurationPlatforms) = preSolution
		Debug|Any CPU = Debug|Any CPU
		Release|Any CPU = Release|Any CPU
	EndGlobalSection
	GlobalSection(ProjectConfigurationPlatforms) = postSolution
		{479393F0-BB37-4EA6-B7FE-BFCBEE6B726D}.Debug|Any CPU.ActiveCfg = Debug|Any CPU
		{479393F0-BB37-4EA6-B7FE-BFCBEE6B726D}.Debug|Any CPU.Build.0 = Debug|Any CPU
		{479393F0-BB37-4EA6-B7FE-BFCBEE6B726D}.Release|Any CPU.ActiveCfg = Release|Any CPU
		{479393F0-BB37-4EA6-B7FE-BFCBEE6B726D}.Release|Any CPU.Build.0 = Release|Any CPU
		{26F4D1AE-6B1A-4F43-A1B2-A2CF4A8536C3}.Debug|Any CPU.ActiveCfg = Debug|Any CPU
		{26F4D1AE-6B1A-4F43-A1B2-A2CF4A8536C3}.Debug|Any CPU.Build.0 = Debug|Any CPU
		{26F4D1AE-6B1A-4F43-A1B2-A2CF4A8536C3}.Release|Any CPU.ActiveCfg = Release|Any CPU
		{26F4D1AE-6B1A-4F43-A1B2-A2CF4A8536C3}.Release|Any CPU.Build.0 = Release|Any CPU
		{F6A6DC6A-F7F4-432A-80D1-D8A08024DCF2}.Debug|Any CPU.ActiveCfg = Debug|Any CPU
		{F6A6DC6A-F7F4-432A-80D1-D8A08024DCF2}.Debug|Any CPU.Build.0 = Debug|Any CPU
		{F6A6DC6A-F7F4-432A-80D1-D8A08024DCF2}.Release|Any CPU.ActiveCfg = Release|Any CPU
		{F6A6DC6A-F7F4-432A-80D1-D8A08024DCF2}.Release|Any CPU.Build.0 = Release|Any CPU
		{911751FA-E056-4129-8DE9-5C89DA8BF3D2}.Debug|Any CPU.ActiveCfg = Debug|Any CPU
		{911751FA-E056-4129-8DE9-5C89DA8BF3D2}.Debug|Any CPU.Build.0 = Debug|Any CPU
		{911751FA-E056-4129-8DE9-5C89DA8BF3D2}.Release|Any CPU.ActiveCfg = Release|Any CPU
		{911751FA-E056-4129-8DE9-5C89DA8BF3D2}.Release|Any CPU.Build.0 = Release|Any CPU
		{C3DF31C6-8465-4A9F-B3EF-894B21520369}.Debug|Any CPU.ActiveCfg = Debug|Any CPU
		{C3DF31C6-8465-4A9F-B3EF-894B21520369}.Debug|Any CPU.Build.0 = Debug|Any CPU
		{C3DF31C6-8465-4A9F-B3EF-894B21520369}.Release|Any CPU.ActiveCfg = Release|Any CPU
		{C3DF31C6-8465-4A9F-B3EF-894B21520369}.Release|Any CPU.Build.0 = Release|Any CPU
		{DD1515B9-9B1F-4CE4-8B1D-5A1269DEFEB7}.Debug|Any CPU.ActiveCfg = Debug|Any CPU
		{DD1515B9-9B1F-4CE4-8B1D-5A1269DEFEB7}.Debug|Any CPU.Build.0 = Debug|Any CPU
		{DD1515B9-9B1F-4CE4-8B1D-5A1269DEFEB7}.Release|Any CPU.ActiveCfg = Release|Any CPU
		{DD1515B9-9B1F-4CE4-8B1D-5A1269DEFEB7}.Release|Any CPU.Build.0 = Release|Any CPU
		{786963D9-DFF5-4355-AA70-795A838B7FE0}.Debug|Any CPU.ActiveCfg = Debug|Any CPU
		{786963D9-DFF5-4355-AA70-795A838B7FE0}.Debug|Any CPU.Build.0 = Debug|Any CPU
		{786963D9-DFF5-4355-AA70-795A838B7FE0}.Release|Any CPU.ActiveCfg = Release|Any CPU
		{786963D9-DFF5-4355-AA70-795A838B7FE0}.Release|Any CPU.Build.0 = Release|Any CPU
		{6D8828EA-0254-44C6-9A0E-5A00CB418949}.Debug|Any CPU.ActiveCfg = Debug|Any CPU
		{6D8828EA-0254-44C6-9A0E-5A00CB418949}.Debug|Any CPU.Build.0 = Debug|Any CPU
		{6D8828EA-0254-44C6-9A0E-5A00CB418949}.Release|Any CPU.ActiveCfg = Release|Any CPU
		{6D8828EA-0254-44C6-9A0E-5A00CB418949}.Release|Any CPU.Build.0 = Release|Any CPU
		{0404F77C-A26D-412B-9921-FFBC480E88EF}.Debug|Any CPU.ActiveCfg = Debug|Any CPU
		{0404F77C-A26D-412B-9921-FFBC480E88EF}.Debug|Any CPU.Build.0 = Debug|Any CPU
		{0404F77C-A26D-412B-9921-FFBC480E88EF}.Release|Any CPU.ActiveCfg = Release|Any CPU
		{0404F77C-A26D-412B-9921-FFBC480E88EF}.Release|Any CPU.Build.0 = Release|Any CPU
		{AD921147-0901-4EE5-B19F-68A999EF59D0}.Debug|Any CPU.ActiveCfg = Debug|Any CPU
		{AD921147-0901-4EE5-B19F-68A999EF59D0}.Debug|Any CPU.Build.0 = Debug|Any CPU
		{AD921147-0901-4EE5-B19F-68A999EF59D0}.Release|Any CPU.ActiveCfg = Release|Any CPU
		{AD921147-0901-4EE5-B19F-68A999EF59D0}.Release|Any CPU.Build.0 = Release|Any CPU
		{30584C53-92E2-4A19-B744-E123D6CAC0F0}.Debug|Any CPU.ActiveCfg = Debug|Any CPU
		{30584C53-92E2-4A19-B744-E123D6CAC0F0}.Debug|Any CPU.Build.0 = Debug|Any CPU
		{30584C53-92E2-4A19-B744-E123D6CAC0F0}.Release|Any CPU.ActiveCfg = Release|Any CPU
		{30584C53-92E2-4A19-B744-E123D6CAC0F0}.Release|Any CPU.Build.0 = Release|Any CPU
		{3C1BE8B3-E7A2-4FC0-8CB0-02FD8D369DC1}.Debug|Any CPU.ActiveCfg = Debug|Any CPU
		{3C1BE8B3-E7A2-4FC0-8CB0-02FD8D369DC1}.Debug|Any CPU.Build.0 = Debug|Any CPU
		{3C1BE8B3-E7A2-4FC0-8CB0-02FD8D369DC1}.Release|Any CPU.ActiveCfg = Release|Any CPU
		{3C1BE8B3-E7A2-4FC0-8CB0-02FD8D369DC1}.Release|Any CPU.Build.0 = Release|Any CPU
	EndGlobalSection
	GlobalSection(SolutionProperties) = preSolution
		HideSolutionNode = FALSE
	EndGlobalSection
	GlobalSection(NestedProjects) = preSolution
		{479393F0-BB37-4EA6-B7FE-BFCBEE6B726D} = {0167771E-97B4-4631-8698-E4465897204A}
		{26F4D1AE-6B1A-4F43-A1B2-A2CF4A8536C3} = {0167771E-97B4-4631-8698-E4465897204A}
		{F6A6DC6A-F7F4-432A-80D1-D8A08024DCF2} = {0167771E-97B4-4631-8698-E4465897204A}
		{911751FA-E056-4129-8DE9-5C89DA8BF3D2} = {839032FC-0BF0-477F-AFD4-82E452F0D6EC}
		{C3DF31C6-8465-4A9F-B3EF-894B21520369} = {839032FC-0BF0-477F-AFD4-82E452F0D6EC}
		{DD1515B9-9B1F-4CE4-8B1D-5A1269DEFEB7} = {839032FC-0BF0-477F-AFD4-82E452F0D6EC}
		{786963D9-DFF5-4355-AA70-795A838B7FE0} = {77AAAA91-C091-4511-9D1C-BD2E66BDB204}
		{6D8828EA-0254-44C6-9A0E-5A00CB418949} = {77AAAA91-C091-4511-9D1C-BD2E66BDB204}
		{0404F77C-A26D-412B-9921-FFBC480E88EF} = {77AAAA91-C091-4511-9D1C-BD2E66BDB204}
		{AD921147-0901-4EE5-B19F-68A999EF59D0} = {F3755E2A-30FB-4F4B-9B2F-322AFC3AA41F}
		{30584C53-92E2-4A19-B744-E123D6CAC0F0} = {F3755E2A-30FB-4F4B-9B2F-322AFC3AA41F}
		{3C1BE8B3-E7A2-4FC0-8CB0-02FD8D369DC1} = {F3755E2A-30FB-4F4B-9B2F-322AFC3AA41F}
	EndGlobalSection
	GlobalSection(ExtensibilityGlobals) = postSolution
		SolutionGuid = {0D6EED60-FDEF-44AB-94DD-1E640BAFA290}
	EndGlobalSection
EndGlobal
